
Microsoft Visual Studio Solution File, Format Version 12.00
# Visual Studio Version 16
VisualStudioVersion = 16.0.31229.75
MinimumVisualStudioVersion = 10.0.40219.1
Project("{2150E333-8FDC-42A3-9474-1A3956D46DE8}") = "Services", "Services", "{1A00C775-A0A7-4C55-9BCD-9DEEDAC1799B}"
EndProject
Project("{2150E333-8FDC-42A3-9474-1A3956D46DE8}") = "Catalog", "Catalog", "{F3C761F8-811F-4423-ADFC-D03542C801F5}"
EndProject
Project("{9A19103F-16F7-4668-BE54-9A1E7A4F7556}") = "Catalog.Api", "Services\Catalog\Catalog.Api\Catalog.Api.csproj", "{3D1EA724-9E37-4719-9D1C-6CB13C1E2E6D}"
EndProject
Project("{E53339B2-1760-4266-BCC7-CA923CBCF16C}") = "docker-compose", "docker-compose.dcproj", "{BDBBBC65-29A6-4FD0-8AA0-DEA8519A026F}"
EndProject
Project("{2150E333-8FDC-42A3-9474-1A3956D46DE8}") = "Basket", "Basket", "{C1631267-D409-4D09-8369-99C992FFD97A}"
EndProject
Project("{9A19103F-16F7-4668-BE54-9A1E7A4F7556}") = "Basket.Api", "Services\Basket\Basket.Api\Basket.Api.csproj", "{8A7268EF-FE96-40CA-9214-DA85BE40A100}"
EndProject
Project("{2150E333-8FDC-42A3-9474-1A3956D46DE8}") = "Discount", "Discount", "{E2A17313-BC78-4BCB-8FEB-A9A17EA9732D}"
EndProject
Project("{9A19103F-16F7-4668-BE54-9A1E7A4F7556}") = "Discount.Api", "Services\Discount\Discount.Api\Discount.Api.csproj", "{1BFDA85E-3664-454F-803F-415BF8D748AB}"
EndProject
Project("{9A19103F-16F7-4668-BE54-9A1E7A4F7556}") = "Discount.Grpc", "Services\Discount\Discount.Grpc\Discount.Grpc.csproj", "{4041B03C-9F5C-4085-B6CF-C7D63FC853B9}"
EndProject
Project("{2150E333-8FDC-42A3-9474-1A3956D46DE8}") = "Ordering", "Ordering", "{709B8739-DB73-4B88-932B-3A9717C21DF7}"
EndProject
Project("{9A19103F-16F7-4668-BE54-9A1E7A4F7556}") = "Ordering.Api", "Services\Ordering\Ordering.Api\Ordering.Api.csproj", "{6BC5CE94-2A5E-4676-99FD-0948CED3EB4D}"
EndProject
Project("{9A19103F-16F7-4668-BE54-9A1E7A4F7556}") = "Ordering.Domain", "Services\Ordering\Ordering.Domain\Ordering.Domain.csproj", "{7B1017E2-D723-4E67-AED8-8490B3576604}"
EndProject
Project("{9A19103F-16F7-4668-BE54-9A1E7A4F7556}") = "Ordering.Application", "Services\Ordering\Ordering.Application\Ordering.Application.csproj", "{EEE73243-3936-4C37-AB3D-CFE16AA459AA}"
EndProject
Project("{9A19103F-16F7-4668-BE54-9A1E7A4F7556}") = "Ordering.Infrastructure", "Services\Ordering\Ordering.Infrastructure\Ordering.Infrastructure.csproj", "{28A6E7ED-7724-4601-A428-7817F828EDA8}"
EndProject
Project("{2150E333-8FDC-42A3-9474-1A3956D46DE8}") = "BuildingBlocks", "BuildingBlocks", "{78F0C3C3-8ECC-487E-A96A-EE6BFAF4F5C8}"
EndProject
Project("{9A19103F-16F7-4668-BE54-9A1E7A4F7556}") = "EventBus.Message", "BuildingBlocks\EventBus.Message\EventBus.Message.csproj", "{296EBBEF-139D-4FC6-ADC8-289FE1C17BC7}"
EndProject
Project("{2150E333-8FDC-42A3-9474-1A3956D46DE8}") = "ApiGateways", "ApiGateways", "{5FF5289C-566C-4CAF-9394-F7302C4CA282}"
EndProject
Project("{9A19103F-16F7-4668-BE54-9A1E7A4F7556}") = "OcelotApiGateway", "ApiGateways\OcelotApiGateway\OcelotApiGateway.csproj", "{9F30B8DB-9636-4DE5-A1B7-C7C78B3680D6}"
EndProject
Project("{9A19103F-16F7-4668-BE54-9A1E7A4F7556}") = "Shopping.Aggregator", "ApiGateways\Shopping.Aggregator\Shopping.Aggregator.csproj", "{502C5E38-0998-4E60-8AEC-4E73B6E594E8}"
EndProject
Project("{2150E333-8FDC-42A3-9474-1A3956D46DE8}") = "WebApps", "WebApps", "{34F2B3B1-7A20-4B25-8D74-7BED85678D0A}"
EndProject
Project("{9A19103F-16F7-4668-BE54-9A1E7A4F7556}") = "AspnetRunBasics", "WebApps\AspnetRunBasics\AspnetRunBasics.csproj", "{536E2EAE-FB5E-4409-8986-DD4B89C82825}"
EndProject
Global
	GlobalSection(SolutionConfigurationPlatforms) = preSolution
		Debug|Any CPU = Debug|Any CPU
		Release|Any CPU = Release|Any CPU
	EndGlobalSection
	GlobalSection(ProjectConfigurationPlatforms) = postSolution
		{3D1EA724-9E37-4719-9D1C-6CB13C1E2E6D}.Debug|Any CPU.ActiveCfg = Debug|Any CPU
		{3D1EA724-9E37-4719-9D1C-6CB13C1E2E6D}.Debug|Any CPU.Build.0 = Debug|Any CPU
		{3D1EA724-9E37-4719-9D1C-6CB13C1E2E6D}.Release|Any CPU.ActiveCfg = Release|Any CPU
		{3D1EA724-9E37-4719-9D1C-6CB13C1E2E6D}.Release|Any CPU.Build.0 = Release|Any CPU
		{BDBBBC65-29A6-4FD0-8AA0-DEA8519A026F}.Debug|Any CPU.ActiveCfg = Debug|Any CPU
		{BDBBBC65-29A6-4FD0-8AA0-DEA8519A026F}.Debug|Any CPU.Build.0 = Debug|Any CPU
		{BDBBBC65-29A6-4FD0-8AA0-DEA8519A026F}.Release|Any CPU.ActiveCfg = Release|Any CPU
		{BDBBBC65-29A6-4FD0-8AA0-DEA8519A026F}.Release|Any CPU.Build.0 = Release|Any CPU
		{8A7268EF-FE96-40CA-9214-DA85BE40A100}.Debug|Any CPU.ActiveCfg = Debug|Any CPU
		{8A7268EF-FE96-40CA-9214-DA85BE40A100}.Debug|Any CPU.Build.0 = Debug|Any CPU
		{8A7268EF-FE96-40CA-9214-DA85BE40A100}.Release|Any CPU.ActiveCfg = Release|Any CPU
		{8A7268EF-FE96-40CA-9214-DA85BE40A100}.Release|Any CPU.Build.0 = Release|Any CPU
		{1BFDA85E-3664-454F-803F-415BF8D748AB}.Debug|Any CPU.ActiveCfg = Debug|Any CPU
		{1BFDA85E-3664-454F-803F-415BF8D748AB}.Debug|Any CPU.Build.0 = Debug|Any CPU
		{1BFDA85E-3664-454F-803F-415BF8D748AB}.Release|Any CPU.ActiveCfg = Release|Any CPU
		{1BFDA85E-3664-454F-803F-415BF8D748AB}.Release|Any CPU.Build.0 = Release|Any CPU
		{4041B03C-9F5C-4085-B6CF-C7D63FC853B9}.Debug|Any CPU.ActiveCfg = Debug|Any CPU
		{4041B03C-9F5C-4085-B6CF-C7D63FC853B9}.Debug|Any CPU.Build.0 = Debug|Any CPU
		{4041B03C-9F5C-4085-B6CF-C7D63FC853B9}.Release|Any CPU.ActiveCfg = Release|Any CPU
		{4041B03C-9F5C-4085-B6CF-C7D63FC853B9}.Release|Any CPU.Build.0 = Release|Any CPU
		{6BC5CE94-2A5E-4676-99FD-0948CED3EB4D}.Debug|Any CPU.ActiveCfg = Debug|Any CPU
		{6BC5CE94-2A5E-4676-99FD-0948CED3EB4D}.Debug|Any CPU.Build.0 = Debug|Any CPU
		{6BC5CE94-2A5E-4676-99FD-0948CED3EB4D}.Release|Any CPU.ActiveCfg = Release|Any CPU
		{6BC5CE94-2A5E-4676-99FD-0948CED3EB4D}.Release|Any CPU.Build.0 = Release|Any CPU
		{7B1017E2-D723-4E67-AED8-8490B3576604}.Debug|Any CPU.ActiveCfg = Debug|Any CPU
		{7B1017E2-D723-4E67-AED8-8490B3576604}.Debug|Any CPU.Build.0 = Debug|Any CPU
		{7B1017E2-D723-4E67-AED8-8490B3576604}.Release|Any CPU.ActiveCfg = Release|Any CPU
		{7B1017E2-D723-4E67-AED8-8490B3576604}.Release|Any CPU.Build.0 = Release|Any CPU
		{EEE73243-3936-4C37-AB3D-CFE16AA459AA}.Debug|Any CPU.ActiveCfg = Debug|Any CPU
		{EEE73243-3936-4C37-AB3D-CFE16AA459AA}.Debug|Any CPU.Build.0 = Debug|Any CPU
		{EEE73243-3936-4C37-AB3D-CFE16AA459AA}.Release|Any CPU.ActiveCfg = Release|Any CPU
		{EEE73243-3936-4C37-AB3D-CFE16AA459AA}.Release|Any CPU.Build.0 = Release|Any CPU
		{28A6E7ED-7724-4601-A428-7817F828EDA8}.Debug|Any CPU.ActiveCfg = Debug|Any CPU
		{28A6E7ED-7724-4601-A428-7817F828EDA8}.Debug|Any CPU.Build.0 = Debug|Any CPU
		{28A6E7ED-7724-4601-A428-7817F828EDA8}.Release|Any CPU.ActiveCfg = Release|Any CPU
		{28A6E7ED-7724-4601-A428-7817F828EDA8}.Release|Any CPU.Build.0 = Release|Any CPU
		{296EBBEF-139D-4FC6-ADC8-289FE1C17BC7}.Debug|Any CPU.ActiveCfg = Debug|Any CPU
		{296EBBEF-139D-4FC6-ADC8-289FE1C17BC7}.Debug|Any CPU.Build.0 = Debug|Any CPU
		{296EBBEF-139D-4FC6-ADC8-289FE1C17BC7}.Release|Any CPU.ActiveCfg = Release|Any CPU
		{296EBBEF-139D-4FC6-ADC8-289FE1C17BC7}.Release|Any CPU.Build.0 = Release|Any CPU
		{9F30B8DB-9636-4DE5-A1B7-C7C78B3680D6}.Debug|Any CPU.ActiveCfg = Debug|Any CPU
		{9F30B8DB-9636-4DE5-A1B7-C7C78B3680D6}.Debug|Any CPU.Build.0 = Debug|Any CPU
		{9F30B8DB-9636-4DE5-A1B7-C7C78B3680D6}.Release|Any CPU.ActiveCfg = Release|Any CPU
		{9F30B8DB-9636-4DE5-A1B7-C7C78B3680D6}.Release|Any CPU.Build.0 = Release|Any CPU
		{502C5E38-0998-4E60-8AEC-4E73B6E594E8}.Debug|Any CPU.ActiveCfg = Debug|Any CPU
		{502C5E38-0998-4E60-8AEC-4E73B6E594E8}.Debug|Any CPU.Build.0 = Debug|Any CPU
		{502C5E38-0998-4E60-8AEC-4E73B6E594E8}.Release|Any CPU.ActiveCfg = Release|Any CPU
		{502C5E38-0998-4E60-8AEC-4E73B6E594E8}.Release|Any CPU.Build.0 = Release|Any CPU
		{536E2EAE-FB5E-4409-8986-DD4B89C82825}.Debug|Any CPU.ActiveCfg = Debug|Any CPU
		{536E2EAE-FB5E-4409-8986-DD4B89C82825}.Debug|Any CPU.Build.0 = Debug|Any CPU
		{536E2EAE-FB5E-4409-8986-DD4B89C82825}.Release|Any CPU.ActiveCfg = Release|Any CPU
		{536E2EAE-FB5E-4409-8986-DD4B89C82825}.Release|Any CPU.Build.0 = Release|Any CPU
	EndGlobalSection
	GlobalSection(SolutionProperties) = preSolution
		HideSolutionNode = FALSE
	EndGlobalSection
	GlobalSection(NestedProjects) = preSolution
		{F3C761F8-811F-4423-ADFC-D03542C801F5} = {1A00C775-A0A7-4C55-9BCD-9DEEDAC1799B}
		{3D1EA724-9E37-4719-9D1C-6CB13C1E2E6D} = {F3C761F8-811F-4423-ADFC-D03542C801F5}
		{C1631267-D409-4D09-8369-99C992FFD97A} = {1A00C775-A0A7-4C55-9BCD-9DEEDAC1799B}
		{8A7268EF-FE96-40CA-9214-DA85BE40A100} = {C1631267-D409-4D09-8369-99C992FFD97A}
		{E2A17313-BC78-4BCB-8FEB-A9A17EA9732D} = {1A00C775-A0A7-4C55-9BCD-9DEEDAC1799B}
		{1BFDA85E-3664-454F-803F-415BF8D748AB} = {E2A17313-BC78-4BCB-8FEB-A9A17EA9732D}
		{4041B03C-9F5C-4085-B6CF-C7D63FC853B9} = {E2A17313-BC78-4BCB-8FEB-A9A17EA9732D}
		{709B8739-DB73-4B88-932B-3A9717C21DF7} = {1A00C775-A0A7-4C55-9BCD-9DEEDAC1799B}
		{6BC5CE94-2A5E-4676-99FD-0948CED3EB4D} = {709B8739-DB73-4B88-932B-3A9717C21DF7}
		{7B1017E2-D723-4E67-AED8-8490B3576604} = {709B8739-DB73-4B88-932B-3A9717C21DF7}
		{EEE73243-3936-4C37-AB3D-CFE16AA459AA} = {709B8739-DB73-4B88-932B-3A9717C21DF7}
		{28A6E7ED-7724-4601-A428-7817F828EDA8} = {709B8739-DB73-4B88-932B-3A9717C21DF7}
		{296EBBEF-139D-4FC6-ADC8-289FE1C17BC7} = {78F0C3C3-8ECC-487E-A96A-EE6BFAF4F5C8}
		{9F30B8DB-9636-4DE5-A1B7-C7C78B3680D6} = {5FF5289C-566C-4CAF-9394-F7302C4CA282}
		{502C5E38-0998-4E60-8AEC-4E73B6E594E8} = {5FF5289C-566C-4CAF-9394-F7302C4CA282}
		{536E2EAE-FB5E-4409-8986-DD4B89C82825} = {34F2B3B1-7A20-4B25-8D74-7BED85678D0A}
	EndGlobalSection
	GlobalSection(ExtensibilityGlobals) = postSolution
		SolutionGuid = {3A8E16AE-DDE5-411C-A51D-6BE07787F87A}
	EndGlobalSection
EndGlobal
